<?xml version="1.0" encoding="utf-8"?>
<Project ToolsVersion="4.0" xmlns="http://schemas.microsoft.com/developer/msbuild/2003">
  <ItemGroup>
    <ClCompile Include="Camera.cpp" />
    <ClCompile Include="Object.cpp" />
    <ClCompile Include="SwampGliderMain.cpp" />
    <ClCompile Include="shprogram.cpp" />
    <ClCompile Include="Skybox.cpp" />
  </ItemGroup>
  <ItemGroup>
    <ClInclude Include="Camera.h" />
    <ClInclude Include="Circle.h" />
    <ClInclude Include="Cone.h" />
    <ClInclude Include="consts.h" />
    <ClInclude Include="Cylinder.h" />
    <ClInclude Include="Glider.h" />
    <ClInclude Include="Object.h" />
    <ClInclude Include="Pipe.h" />
    <ClInclude Include="Rudder.h" />
    <ClInclude Include="shprogram.h" />
    <ClInclude Include="Skybox.h" />
    <ClInclude Include="Cuboid.h" />
    <ClInclude Include="shader.h" />
  </ItemGroup>
  <ItemGroup>
    <Image Include="bagno.png" />
    <Image Include="glider.png" />
    <Image Include="s1.png" />
    <Image Include="s2.png" />
    <Image Include="s3.png" />
    <Image Include="s4.png" />
    <Image Include="s5.png" />
    <Image Include="s6.png" />
  </ItemGroup>
  <ItemGroup>
    <None Include="swampGliderColor.frag" />
    <None Include="swampGliderColor.vert" />
    <None Include="swampGliderTexture.frag" />
    <None Include="swampGliderTexture.vert" />
    <None Include="skybox.frag" />
    <None Include="skybox.vert" />
    <None Include="pointShadowsShader.frag" />
    <None Include="pointShadowsShader.vert" />
    <None Include="pointShadowsShader.geom" />
  </ItemGroup>
</Project>